// !$*UTF8*$!
{
	archiveVersion = 1;
	classes = {
	};
	objectVersion = 46;
	objects = {

/* Begin PBXBuildFile section */
		04686C751F308C81001A3A42 /* MallVC.m in Sources */ = {isa = PBXBuildFile; fileRef = 04686C741F308C81001A3A42 /* MallVC.m */; };
		04686C781F308C9C001A3A42 /* PersonalCenterVC.m in Sources */ = {isa = PBXBuildFile; fileRef = 04686C771F308C9C001A3A42 /* PersonalCenterVC.m */; };
		04AE98121F2ED46500C2D158 /* main.m in Sources */ = {isa = PBXBuildFile; fileRef = 04AE98111F2ED46500C2D158 /* main.m */; };
		04AE98151F2ED46500C2D158 /* AppDelegate.m in Sources */ = {isa = PBXBuildFile; fileRef = 04AE98141F2ED46500C2D158 /* AppDelegate.m */; };
		04AE98181F2ED46500C2D158 /* UpkeepVC.m in Sources */ = {isa = PBXBuildFile; fileRef = 04AE98171F2ED46500C2D158 /* UpkeepVC.m */; };
		04AE981B1F2ED46500C2D158 /* InformationVC.m in Sources */ = {isa = PBXBuildFile; fileRef = 04AE981A1F2ED46500C2D158 /* InformationVC.m */; };
		04AE981E1F2ED46500C2D158 /* Main.storyboard in Resources */ = {isa = PBXBuildFile; fileRef = 04AE981C1F2ED46500C2D158 /* Main.storyboard */; };
		04AE98201F2ED46500C2D158 /* Assets.xcassets in Resources */ = {isa = PBXBuildFile; fileRef = 04AE981F1F2ED46500C2D158 /* Assets.xcassets */; };
		04AE98231F2ED46500C2D158 /* LaunchScreen.storyboard in Resources */ = {isa = PBXBuildFile; fileRef = 04AE98211F2ED46500C2D158 /* LaunchScreen.storyboard */; };
		0D3767D49EAD0D2B54057370 /* libPods-AutoMall.a in Frameworks */ = {isa = PBXBuildFile; fileRef = 6104260ED1A4BFCFF80992F9 /* libPods-AutoMall.a */; };
/* End PBXBuildFile section */

/* Begin PBXFileReference section */
		04686C731F308C81001A3A42 /* MallVC.h */ = {isa = PBXFileReference; fileEncoding = 4; lastKnownFileType = sourcecode.c.h; path = MallVC.h; sourceTree = "<group>"; };
		04686C741F308C81001A3A42 /* MallVC.m */ = {isa = PBXFileReference; fileEncoding = 4; lastKnownFileType = sourcecode.c.objc; path = MallVC.m; sourceTree = "<group>"; };
		04686C761F308C9C001A3A42 /* PersonalCenterVC.h */ = {isa = PBXFileReference; fileEncoding = 4; lastKnownFileType = sourcecode.c.h; path = PersonalCenterVC.h; sourceTree = "<group>"; };
		04686C771F308C9C001A3A42 /* PersonalCenterVC.m */ = {isa = PBXFileReference; fileEncoding = 4; lastKnownFileType = sourcecode.c.objc; path = PersonalCenterVC.m; sourceTree = "<group>"; };
		04AE980D1F2ED46500C2D158 /* AutoMall.app */ = {isa = PBXFileReference; explicitFileType = wrapper.application; includeInIndex = 0; path = AutoMall.app; sourceTree = BUILT_PRODUCTS_DIR; };
		04AE98111F2ED46500C2D158 /* main.m */ = {isa = PBXFileReference; lastKnownFileType = sourcecode.c.objc; path = main.m; sourceTree = "<group>"; };
		04AE98131F2ED46500C2D158 /* AppDelegate.h */ = {isa = PBXFileReference; lastKnownFileType = sourcecode.c.h; path = AppDelegate.h; sourceTree = "<group>"; };
		04AE98141F2ED46500C2D158 /* AppDelegate.m */ = {isa = PBXFileReference; lastKnownFileType = sourcecode.c.objc; path = AppDelegate.m; sourceTree = "<group>"; };
		04AE98161F2ED46500C2D158 /* UpkeepVC.h */ = {isa = PBXFileReference; lastKnownFileType = sourcecode.c.h; path = UpkeepVC.h; sourceTree = "<group>"; };
		04AE98171F2ED46500C2D158 /* UpkeepVC.m */ = {isa = PBXFileReference; lastKnownFileType = sourcecode.c.objc; path = UpkeepVC.m; sourceTree = "<group>"; };
		04AE98191F2ED46500C2D158 /* InformationVC.h */ = {isa = PBXFileReference; lastKnownFileType = sourcecode.c.h; path = InformationVC.h; sourceTree = "<group>"; };
		04AE981A1F2ED46500C2D158 /* InformationVC.m */ = {isa = PBXFileReference; lastKnownFileType = sourcecode.c.objc; path = InformationVC.m; sourceTree = "<group>"; };
		04AE981D1F2ED46500C2D158 /* Base */ = {isa = PBXFileReference; lastKnownFileType = file.storyboard; name = Base; path = Base.lproj/Main.storyboard; sourceTree = "<group>"; };
		04AE981F1F2ED46500C2D158 /* Assets.xcassets */ = {isa = PBXFileReference; lastKnownFileType = folder.assetcatalog; path = Assets.xcassets; sourceTree = "<group>"; };
		04AE98221F2ED46500C2D158 /* Base */ = {isa = PBXFileReference; lastKnownFileType = file.storyboard; name = Base; path = Base.lproj/LaunchScreen.storyboard; sourceTree = "<group>"; };
		04AE98241F2ED46500C2D158 /* Info.plist */ = {isa = PBXFileReference; lastKnownFileType = text.plist.xml; path = Info.plist; sourceTree = "<group>"; };
		23C000978E58563FFCAB0D5B /* Pods-AutoMall.release.xcconfig */ = {isa = PBXFileReference; includeInIndex = 1; lastKnownFileType = text.xcconfig; name = "Pods-AutoMall.release.xcconfig"; path = "Pods/Target Support Files/Pods-AutoMall/Pods-AutoMall.release.xcconfig"; sourceTree = "<group>"; };
		282984C3CD86E78426E7E345 /* Pods-AutoMall.debug.xcconfig */ = {isa = PBXFileReference; includeInIndex = 1; lastKnownFileType = text.xcconfig; name = "Pods-AutoMall.debug.xcconfig"; path = "Pods/Target Support Files/Pods-AutoMall/Pods-AutoMall.debug.xcconfig"; sourceTree = "<group>"; };
		6104260ED1A4BFCFF80992F9 /* libPods-AutoMall.a */ = {isa = PBXFileReference; explicitFileType = archive.ar; includeInIndex = 0; path = "libPods-AutoMall.a"; sourceTree = BUILT_PRODUCTS_DIR; };
/* End PBXFileReference section */

/* Begin PBXFrameworksBuildPhase section */
		04AE980A1F2ED46500C2D158 /* Frameworks */ = {
			isa = PBXFrameworksBuildPhase;
			buildActionMask = 2147483647;
			files = (
				0D3767D49EAD0D2B54057370 /* libPods-AutoMall.a in Frameworks */,
			);
			runOnlyForDeploymentPostprocessing = 0;
		};
/* End PBXFrameworksBuildPhase section */

/* Begin PBXGroup section */
		04AE98041F2ED46500C2D158 = {
			isa = PBXGroup;
			children = (
				04AE980F1F2ED46500C2D158 /* AutoMall */,
				04AE980E1F2ED46500C2D158 /* Products */,
				A704AE9662A3F528E09990AD /* Pods */,
				8AF780E2B32464023F472B06 /* Frameworks */,
			);
			sourceTree = "<group>";
		};
		04AE980E1F2ED46500C2D158 /* Products */ = {
			isa = PBXGroup;
			children = (
				04AE980D1F2ED46500C2D158 /* AutoMall.app */,
			);
			name = Products;
			sourceTree = "<group>";
		};
		04AE980F1F2ED46500C2D158 /* AutoMall */ = {
			isa = PBXGroup;
			children = (
				04AE98131F2ED46500C2D158 /* AppDelegate.h */,
				04AE98141F2ED46500C2D158 /* AppDelegate.m */,
				04AE98161F2ED46500C2D158 /* UpkeepVC.h */,
				04AE98171F2ED46500C2D158 /* UpkeepVC.m */,
				04AE98191F2ED46500C2D158 /* InformationVC.h */,
				04AE981A1F2ED46500C2D158 /* InformationVC.m */,
				04686C731F308C81001A3A42 /* MallVC.h */,
				04686C741F308C81001A3A42 /* MallVC.m */,
				04686C761F308C9C001A3A42 /* PersonalCenterVC.h */,
				04686C771F308C9C001A3A42 /* PersonalCenterVC.m */,
				04AE981C1F2ED46500C2D158 /* Main.storyboard */,
				04AE981F1F2ED46500C2D158 /* Assets.xcassets */,
				04AE98211F2ED46500C2D158 /* LaunchScreen.storyboard */,
				04AE98241F2ED46500C2D158 /* Info.plist */,
				04AE98101F2ED46500C2D158 /* Supporting Files */,
			);
			path = AutoMall;
			sourceTree = "<group>";
		};
		04AE98101F2ED46500C2D158 /* Supporting Files */ = {
			isa = PBXGroup;
			children = (
				04AE98111F2ED46500C2D158 /* main.m */,
			);
			name = "Supporting Files";
			sourceTree = "<group>";
		};
		8AF780E2B32464023F472B06 /* Frameworks */ = {
			isa = PBXGroup;
			children = (
				6104260ED1A4BFCFF80992F9 /* libPods-AutoMall.a */,
			);
			name = Frameworks;
			sourceTree = "<group>";
		};
		A704AE9662A3F528E09990AD /* Pods */ = {
			isa = PBXGroup;
			children = (
				282984C3CD86E78426E7E345 /* Pods-AutoMall.debug.xcconfig */,
				23C000978E58563FFCAB0D5B /* Pods-AutoMall.release.xcconfig */,
			);
			name = Pods;
			sourceTree = "<group>";
		};
/* End PBXGroup section */

/* Begin PBXNativeTarget section */
		04AE980C1F2ED46500C2D158 /* AutoMall */ = {
			isa = PBXNativeTarget;
			buildConfigurationList = 04AE98271F2ED46500C2D158 /* Build configuration list for PBXNativeTarget "AutoMall" */;
			buildPhases = (
				9E97FE6A5DECDA9D62356D6B /* [CP] Check Pods Manifest.lock */,
				04AE98091F2ED46500C2D158 /* Sources */,
				04AE980A1F2ED46500C2D158 /* Frameworks */,
				04AE980B1F2ED46500C2D158 /* Resources */,
				D09B43336C375C73E1E06C48 /* [CP] Embed Pods Frameworks */,
				4EDAF869C6DAAD647EAB8F14 /* [CP] Copy Pods Resources */,
			);
			buildRules = (
			);
			dependencies = (
			);
			name = AutoMall;
			productName = AutoMall;
			productReference = 04AE980D1F2ED46500C2D158 /* AutoMall.app */;
			productType = "com.apple.product-type.application";
		};
/* End PBXNativeTarget section */

/* Begin PBXProject section */
		04AE98051F2ED46500C2D158 /* Project object */ = {
			isa = PBXProject;
			attributes = {
				LastUpgradeCheck = 0830;
				ORGANIZATIONNAME = redRay;
				TargetAttributes = {
					04AE980C1F2ED46500C2D158 = {
						CreatedOnToolsVersion = 8.3.2;
						ProvisioningStyle = Automatic;
					};
				};
			};
			buildConfigurationList = 04AE98081F2ED46500C2D158 /* Build configuration list for PBXProject "AutoMall" */;
			compatibilityVersion = "Xcode 3.2";
			developmentRegion = English;
			hasScannedForEncodings = 0;
			knownRegions = (
				en,
				Base,
			);
			mainGroup = 04AE98041F2ED46500C2D158;
			productRefGroup = 04AE980E1F2ED46500C2D158 /* Products */;
			projectDirPath = "";
			projectRoot = "";
			targets = (
				04AE980C1F2ED46500C2D158 /* AutoMall */,
			);
		};
/* End PBXProject section */

/* Begin PBXResourcesBuildPhase section */
		04AE980B1F2ED46500C2D158 /* Resources */ = {
			isa = PBXResourcesBuildPhase;
			buildActionMask = 2147483647;
			files = (
				04AE98231F2ED46500C2D158 /* LaunchScreen.storyboard in Resources */,
				04AE98201F2ED46500C2D158 /* Assets.xcassets in Resources */,
				04AE981E1F2ED46500C2D158 /* Main.storyboard in Resources */,
			);
			runOnlyForDeploymentPostprocessing = 0;
		};
/* End PBXResourcesBuildPhase section */

/* Begin PBXShellScriptBuildPhase section */
		4EDAF869C6DAAD647EAB8F14 /* [CP] Copy Pods Resources */ = {
			isa = PBXShellScriptBuildPhase;
			buildActionMask = 2147483647;
			files = (
			);
			inputPaths = (
			);
			name = "[CP] Copy Pods Resources";
			outputPaths = (
			);
			runOnlyForDeploymentPostprocessing = 0;
			shellPath = /bin/sh;
			shellScript = "\"${SRCROOT}/Pods/Target Support Files/Pods-AutoMall/Pods-AutoMall-resources.sh\"\n";
			showEnvVarsInLog = 0;
		};
		9E97FE6A5DECDA9D62356D6B /* [CP] Check Pods Manifest.lock */ = {
			isa = PBXShellScriptBuildPhase;
			buildActionMask = 2147483647;
			files = (
			);
			inputPaths = (
			);
			name = "[CP] Check Pods Manifest.lock";
			outputPaths = (
			);
			runOnlyForDeploymentPostprocessing = 0;
			shellPath = /bin/sh;
			shellScript = "diff \"${PODS_PODFILE_DIR_PATH}/Podfile.lock\" \"${PODS_ROOT}/Manifest.lock\" > /dev/null\nif [ $? != 0 ] ; then\n    # print error to STDERR\n    echo \"error: The sandbox is not in sync with the Podfile.lock. Run 'pod install' or update your CocoaPods installation.\" >&2\n    exit 1\nfi\n";
			showEnvVarsInLog = 0;
		};
		D09B43336C375C73E1E06C48 /* [CP] Embed Pods Frameworks */ = {
			isa = PBXShellScriptBuildPhase;
			buildActionMask = 2147483647;
			files = (
			);
			inputPaths = (
			);
			name = "[CP] Embed Pods Frameworks";
			outputPaths = (
			);
			runOnlyForDeploymentPostprocessing = 0;
			shellPath = /bin/sh;
			shellScript = "\"${SRCROOT}/Pods/Target Support Files/Pods-AutoMall/Pods-AutoMall-frameworks.sh\"\n";
			showEnvVarsInLog = 0;
		};
/* End PBXShellScriptBuildPhase section */

/* Begin PBXSourcesBuildPhase section */
		04AE98091F2ED46500C2D158 /* Sources */ = {
			isa = PBXSourcesBuildPhase;
			buildActionMask = 2147483647;
			files = (
				04AE981B1F2ED46500C2D158 /* InformationVC.m in Sources */,
				04686C781F308C9C001A3A42 /* PersonalCenterVC.m in Sources */,
				04AE98151F2ED46500C2D158 /* AppDelegate.m in Sources */,
				04AE98181F2ED46500C2D158 /* UpkeepVC.m in Sources */,
				04686C751F308C81001A3A42 /* MallVC.m in Sources */,
				04AE98121F2ED46500C2D158 /* main.m in Sources */,
			);
			runOnlyForDeploymentPostprocessing = 0;
		};
/* End PBXSourcesBuildPhase section */

/* Begin PBXVariantGroup section */
		04AE981C1F2ED46500C2D158 /* Main.storyboard */ = {
			isa = PBXVariantGroup;
			children = (
				04AE981D1F2ED46500C2D158 /* Base */,
			);
			name = Main.storyboard;
			sourceTree = "<group>";
		};
		04AE98211F2ED46500C2D158 /* LaunchScreen.storyboard */ = {
			isa = PBXVariantGroup;
			children = (
				04AE98221F2ED46500C2D158 /* Base */,
			);
			name = LaunchScreen.storyboard;
			sourceTree = "<group>";
		};
/* End PBXVariantGroup section */

/* Begin XCBuildConfiguration section */
		04AE98251F2ED46500C2D158 /* Debug */ = {
			isa = XCBuildConfiguration;
			buildSettings = {
				ALWAYS_SEARCH_USER_PATHS = NO;
				CLANG_ANALYZER_NONNULL = YES;
				CLANG_ANALYZER_NUMBER_OBJECT_CONVERSION = YES_AGGRESSIVE;
				CLANG_CXX_LANGUAGE_STANDARD = "gnu++0x";
				CLANG_CXX_LIBRARY = "libc++";
				CLANG_ENABLE_MODULES = YES;
				CLANG_ENABLE_OBJC_ARC = YES;
				CLANG_WARN_BOOL_CONVERSION = YES;
				CLANG_WARN_CONSTANT_CONVERSION = YES;
				CLANG_WARN_DIRECT_OBJC_ISA_USAGE = YES_ERROR;
				CLANG_WARN_DOCUMENTATION_COMMENTS = YES;
				CLANG_WARN_EMPTY_BODY = YES;
				CLANG_WARN_ENUM_CONVERSION = YES;
				CLANG_WARN_INFINITE_RECURSION = YES;
				CLANG_WARN_INT_CONVERSION = YES;
				CLANG_WARN_OBJC_ROOT_CLASS = YES_ERROR;
				CLANG_WARN_SUSPICIOUS_MOVE = YES;
				CLANG_WARN_UNREACHABLE_CODE = YES;
				CLANG_WARN__DUPLICATE_METHOD_MATCH = YES;
				"CODE_SIGN_IDENTITY[sdk=iphoneos*]" = "iPhone Developer";
				COPY_PHASE_STRIP = NO;
				DEBUG_INFORMATION_FORMAT = dwarf;
				ENABLE_STRICT_OBJC_MSGSEND = YES;
				ENABLE_TESTABILITY = YES;
				GCC_C_LANGUAGE_STANDARD = gnu99;
				GCC_DYNAMIC_NO_PIC = NO;
				GCC_NO_COMMON_BLOCKS = YES;
				GCC_OPTIMIZATION_LEVEL = 0;
				GCC_PREPROCESSOR_DEFINITIONS = (
					"DEBUG=1",
					"$(inherited)",
				);
				GCC_WARN_64_TO_32_BIT_CONVERSION = YES;
				GCC_WARN_ABOUT_RETURN_TYPE = YES_ERROR;
				GCC_WARN_UNDECLARED_SELECTOR = YES;
				GCC_WARN_UNINITIALIZED_AUTOS = YES_AGGRESSIVE;
				GCC_WARN_UNUSED_FUNCTION = YES;
				GCC_WARN_UNUSED_VARIABLE = YES;
				IPHONEOS_DEPLOYMENT_TARGET = 10.3;
				MTL_ENABLE_DEBUG_INFO = YES;
				ONLY_ACTIVE_ARCH = YES;
				SDKROOT = iphoneos;
			};
			name = Debug;
		};
		04AE98261F2ED46500C2D158 /* Release */ = {
			isa = XCBuildConfiguration;
			buildSettings = {
				ALWAYS_SEARCH_USER_PATHS = NO;
				CLANG_ANALYZER_NONNULL = YES;
				CLANG_ANALYZER_NUMBER_OBJECT_CONVERSION = YES_AGGRESSIVE;
				CLANG_CXX_LANGUAGE_STANDARD = "gnu++0x";
				CLANG_CXX_LIBRARY = "libc++";
				CLANG_ENABLE_MODULES = YES;
				CLANG_ENABLE_OBJC_ARC = YES;
				CLANG_WARN_BOOL_CONVERSION = YES;
				CLANG_WARN_CONSTANT_CONVERSION = YES;
				CLANG_WARN_DIRECT_OBJC_ISA_USAGE = YES_ERROR;
				CLANG_WARN_DOCUMENTATION_COMMENTS = YES;
				CLANG_WARN_EMPTY_BODY = YES;
				CLANG_WARN_ENUM_CONVERSION = YES;
				CLANG_WARN_INFINITE_RECURSION = YES;
				CLANG_WARN_INT_CONVERSION = YES;
				CLANG_WARN_OBJC_ROOT_CLASS = YES_ERROR;
				CLANG_WARN_SUSPICIOUS_MOVE = YES;
				CLANG_WARN_UNREACHABLE_CODE = YES;
				CLANG_WARN__DUPLICATE_METHOD_MATCH = YES;
				"CODE_SIGN_IDENTITY[sdk=iphoneos*]" = "iPhone Developer";
				COPY_PHASE_STRIP = NO;
				DEBUG_INFORMATION_FORMAT = "dwarf-with-dsym";
				ENABLE_NS_ASSERTIONS = NO;
				ENABLE_STRICT_OBJC_MSGSEND = YES;
				GCC_C_LANGUAGE_STANDARD = gnu99;
				GCC_NO_COMMON_BLOCKS = YES;
				GCC_WARN_64_TO_32_BIT_CONVERSION = YES;
				GCC_WARN_ABOUT_RETURN_TYPE = YES_ERROR;
				GCC_WARN_UNDECLARED_SELECTOR = YES;
				GCC_WARN_UNINITIALIZED_AUTOS = YES_AGGRESSIVE;
				GCC_WARN_UNUSED_FUNCTION = YES;
				GCC_WARN_UNUSED_VARIABLE = YES;
				IPHONEOS_DEPLOYMENT_TARGET = 10.3;
				MTL_ENABLE_DEBUG_INFO = NO;
				SDKROOT = iphoneos;
				VALIDATE_PRODUCT = YES;
			};
			name = Release;
		};
		04AE98281F2ED46500C2D158 /* Debug */ = {
			isa = XCBuildConfiguration;
			baseConfigurationReference = 282984C3CD86E78426E7E345 /* Pods-AutoMall.debug.xcconfig */;
			buildSettings = {
				ASSETCATALOG_COMPILER_APPICON_NAME = AppIcon;
				INFOPLIST_FILE = AutoMall/Info.plist;
				LD_RUNPATH_SEARCH_PATHS = "$(inherited) @executable_path/Frameworks";
				PRODUCT_BUNDLE_IDENTIFIER = redRaycom.AutoMall;
				PRODUCT_NAME = "$(TARGET_NAME)";
			};
			name = Debug;
		};
		04AE98291F2ED46500C2D158 /* Release */ = {
			isa = XCBuildConfiguration;
			baseConfigurationReference = 23C000978E58563FFCAB0D5B /* Pods-AutoMall.release.xcconfig */;
			buildSettings = {
				ASSETCATALOG_COMPILER_APPICON_NAME = AppIcon;
				INFOPLIST_FILE = AutoMall/Info.plist;
				LD_RUNPATH_SEARCH_PATHS = "$(inherited) @executable_path/Frameworks";
				PRODUCT_BUNDLE_IDENTIFIER = redRaycom.AutoMall;
				PRODUCT_NAME = "$(TARGET_NAME)";
			};
			name = Release;
		};
/* End XCBuildConfiguration section */

/* Begin XCConfigurationList section */
		04AE98081F2ED46500C2D158 /* Build configuration list for PBXProject "AutoMall" */ = {
			isa = XCConfigurationList;
			buildConfigurations = (
				04AE98251F2ED46500C2D158 /* Debug */,
				04AE98261F2ED46500C2D158 /* Release */,
			);
			defaultConfigurationIsVisible = 0;
			defaultConfigurationName = Release;
		};
		04AE98271F2ED46500C2D158 /* Build configuration list for PBXNativeTarget "AutoMall" */ = {
			isa = XCConfigurationList;
			buildConfigurations = (
				04AE98281F2ED46500C2D158 /* Debug */,
				04AE98291F2ED46500C2D158 /* Release */,
			);
			defaultConfigurationIsVisible = 0;
			defaultConfigurationName = Release;
		};
/* End XCConfigurationList section */
	};
	rootObject = 04AE98051F2ED46500C2D158 /* Project object */;
}
